
Microsoft Visual Studio Solution File, Format Version 12.00
# Visual Studio Version 16
VisualStudioVersion = 16.0.30611.23
MinimumVisualStudioVersion = 10.0.40219.1
Project("{FAE04EC0-301F-11D3-BF4B-00C04F79EFBC}") = "IntegrationTesting", "IntegrationTesting\IntegrationTesting.csproj", "{EF16B17C-B987-4907-9BBA-38E9E65E349F}"
EndProject
Global
	GlobalSection(SolutionConfigurationPlatforms) = preSolution
		Debug|Any CPU = Debug|Any CPU
		Release|Any CPU = Release|Any CPU
	EndGlobalSection
	GlobalSection(ProjectConfigurationPlatforms) = postSolution
		{EF16B17C-B987-4907-9BBA-38E9E65E349F}.Debug|Any CPU.ActiveCfg = Debug|Any CPU
		{EF16B17C-B987-4907-9BBA-38E9E65E349F}.Debug|Any CPU.Build.0 = Debug|Any CPU
		{EF16B17C-B987-4907-9BBA-38E9E65E349F}.Release|Any CPU.ActiveCfg = Release|Any CPU
		{EF16B17C-B987-4907-9BBA-38E9E65E349F}.Release|Any CPU.Build.0 = Release|Any CPU
	EndGlobalSection
	GlobalSection(SolutionProperties) = preSolution
		HideSolutionNode = FALSE
	EndGlobalSection
	GlobalSection(ExtensibilityGlobals) = postSolution
		SolutionGuid = {B5D71D38-0061-4DA1-8AAB-A8E3DD6AB064}
	EndGlobalSection
EndGlobal
